
Microsoft Visual Studio Solution File, Format Version 12.00
# Visual Studio 15
VisualStudioVersion = 15.0.28307.489
MinimumVisualStudioVersion = 10.0.40219.1
Project("{FAE04EC0-301F-11D3-BF4B-00C04F79EFBC}") = "TaskManager", "TaskManager\TaskManager.csproj", "{83F9EC31-CFAD-4B3D-8F56-F790990B3FD9}"
EndProject
Global
	GlobalSection(SolutionConfigurationPlatforms) = preSolution
		Debug|Any CPU = Debug|Any CPU
		Release|Any CPU = Release|Any CPU
	EndGlobalSection
	GlobalSection(ProjectConfigurationPlatforms) = postSolution
		{83F9EC31-CFAD-4B3D-8F56-F790990B3FD9}.Debug|Any CPU.ActiveCfg = Debug|Any CPU
		{83F9EC31-CFAD-4B3D-8F56-F790990B3FD9}.Debug|Any CPU.Build.0 = Debug|Any CPU
		{83F9EC31-CFAD-4B3D-8F56-F790990B3FD9}.Release|Any CPU.ActiveCfg = Release|Any CPU
		{83F9EC31-CFAD-4B3D-8F56-F790990B3FD9}.Release|Any CPU.Build.0 = Release|Any CPU
	EndGlobalSection
	GlobalSection(SolutionProperties) = preSolution
		HideSolutionNode = FALSE
	EndGlobalSection
	GlobalSection(ExtensibilityGlobals) = postSolution
		SolutionGuid = {314363A8-66C9-48EE-B9BA-6F5979D599CA}
	EndGlobalSection
EndGlobal
